[r]
version = "4.5.1"

[[package]]
name = "Matrix"
version = "1.7.6"
source = "cran"
raw_version = "1.7-6"
url = "https://cran.r-project.org/src/contrib/Matrix_1.7-6.tar.gz"
checksum = "md5:92502b5e17bc36390d9e52c0f2c2e0f0"
requires = ["lattice"]

[[package]]
name = "R.methodsS3"
version = "1.8.2"
source = "cran"
raw_version = "1.8.2"
url = "https://cran.r-project.org/src/contrib/R.methodsS3_1.8.2.tar.gz"
checksum = "md5:8af7a9c90f4f1daebfa0e6c7722e05b8"

[[package]]
name = "R.oo"
version = "1.27.1"
source = "cran"
raw_version = "1.27.1"
url = "https://cran.r-project.org/src/contrib/R.oo_1.27.1.tar.gz"
checksum = "md5:506bc62c712cba39afd29aeb305b7312"
requires = ["R.methodsS3"]

[[package]]
name = "R.utils"
version = "2.13.0"
source = "cran"
raw_version = "2.13.0"
url = "https://cran.r-project.org/src/contrib/R.utils_2.13.0.tar.gz"
checksum = "md5:1b65c3a80a4d1d4abae9e742fe5e5985"
requires = [
    "R.oo",
    "R.methodsS3",
]

[[package]]
name = "R6"
version = "2.6.1"
source = "cran"
raw_version = "2.6.1"
url = "https://cran.r-project.org/src/contrib/R6_2.6.1.tar.gz"
checksum = "md5:f01b1787f12797c29194d63c9afd5d70"

[[package]]
name = "Rcpp"
version = "1.1.2"
source = "cran"
raw_version = "1.1.2"
url = "https://cran.r-project.org/src/contrib/Rcpp_1.1.2.tar.gz"
checksum = "md5:353d35176db9c570705a0a324c06fdca"

[[package]]
name = "ambientweatheR"
version = "0.1.0"
source = "github"
url = "https://api.github.com/repos/TinasheMTapera/ambientweatheR/tarball/f6623b0ee79586afb59b85a88d8c2a5c58165b87"
checksum = "git:f6623b0ee79586afb59b85a88d8c2a5c58165b87"
requires = [
    "httr",
    "purrr",
    "lubridate",
    "dplyr",
    "jsonlite",
]

[[package]]
name = "arpr"
version = "0.1.2"
source = "cran"
raw_version = "0.1.2"
url = "https://cran.r-project.org/src/contrib/arpr_0.1.2.tar.gz"
checksum = "md5:00e540f002896af51df2b61a2c63a729"
requires = [
    "magrittr",
    "rlang",
]

[[package]]
name = "arrow"
version = "25.0.0"
source = "cran"
raw_version = "25.0.0"
url = "https://cran.r-project.org/src/contrib/arrow_25.0.0.tar.gz"
checksum = "md5:ad509e6f67cab44b236d8984fac461c1"
requires = [
    "assertthat",
    "bit64",
    "glue",
    "purrr",
    "R6",
    "rlang",
    "tidyselect",
    "vctrs",
    "cpp11",
]

[[package]]
name = "askpass"
version = "1.2.1"
source = "cran"
raw_version = "1.2.1"
url = "https://cran.r-project.org/src/contrib/askpass_1.2.1.tar.gz"
checksum = "md5:fc2c6a61b6a354707586b01950366f37"
requires = ["sys"]

[[package]]
name = "assertthat"
version = "0.2.1"
source = "cran"
raw_version = "0.2.1"
url = "https://cran.r-project.org/src/contrib/assertthat_0.2.1.tar.gz"
checksum = "md5:9f2eae3d20a9d6b40856a6fed013cb05"

[[package]]
name = "attachment"
version = "1.0.0"
source = "cran"
raw_version = "1.0.0"
url = "https://cran.r-project.org/src/contrib/attachment_1.0.0.tar.gz"
checksum = "md5:02a1888cb311fa505391dfc07190f541"
requires = [
    "cli",
    "desc",
    "glue",
    "knitr",
    "magrittr",
    "rmarkdown",
    "roxygen2",
    "stringr",
    "withr",
    "yaml",
]

[[package]]
name = "backports"
version = "1.5.1"
source = "cran"
raw_version = "1.5.1"
url = "https://cran.r-project.org/src/contrib/backports_1.5.1.tar.gz"
checksum = "md5:f23f63d1a2a739db18644dfa8c1de7ec"

[[package]]
name = "base64enc"
version = "0.1.6"
source = "cran"
raw_version = "0.1-6"
url = "https://cran.r-project.org/src/contrib/base64enc_0.1-6.tar.gz"
checksum = "md5:2c4ecc969451a673ee05eb2e725fcbaf"

[[package]]
name = "base64url"
version = "1.4.0"
source = "cran"
raw_version = "1.4"
url = "https://cran.r-project.org/src/contrib/base64url_1.4.tar.gz"
checksum = "md5:0e41f7f53213278d81e2d1fb55b34480"
requires = ["backports"]

[[package]]
name = "bit"
version = "4.6.0"
source = "cran"
raw_version = "4.6.0"
url = "https://cran.r-project.org/src/contrib/bit_4.6.0.tar.gz"
checksum = "md5:f36540550af63b0db8c78429d7366998"

[[package]]
name = "bit64"
version = "4.8.2"
source = "cran"
raw_version = "4.8.2"
url = "https://cran.r-project.org/src/contrib/bit64_4.8.2.tar.gz"
checksum = "md5:12904714853ba84b8d1808266e5ef943"
requires = ["bit"]

[[package]]
name = "brew"
version = "1.0.10"
source = "cran"
raw_version = "1.0-10"
url = "https://cran.r-project.org/src/contrib/brew_1.0-10.tar.gz"
checksum = "md5:c1ebbea7284161a8884ffe9ae5ca451f"

[[package]]
name = "brio"
version = "1.1.5"
source = "cran"
raw_version = "1.1.5"
url = "https://cran.r-project.org/src/contrib/brio_1.1.5.tar.gz"
checksum = "md5:01e1a782f87242f9ca9c80acf9deeeff"

[[package]]
name = "bslib"
version = "0.12.0"
source = "cran"
raw_version = "0.12.0"
url = "https://cran.r-project.org/src/contrib/bslib_0.12.0.tar.gz"
checksum = "md5:4e10d130d9538a635ae123e52b1274bf"
requires = [
    "base64enc",
    "cachem",
    "fastmap",
    "htmltools",
    "jquerylib",
    "jsonlite",
    "lifecycle",
    "memoise",
    "mime",
    "rlang",
    "sass",
]

[[package]]
name = "cachem"
version = "1.1.0"
source = "cran"
raw_version = "1.1.0"
url = "https://cran.r-project.org/src/contrib/cachem_1.1.0.tar.gz"
checksum = "md5:53980eb40dd09b0cd44673d3a6fabe36"
requires = [
    "rlang",
    "fastmap",
]

[[package]]
name = "callr"
version = "3.8.0"
source = "cran"
raw_version = "3.8.0"
url = "https://cran.r-project.org/src/contrib/callr_3.8.0.tar.gz"
checksum = "md5:6f2cca7ac13cfa5ef90288587f43de6f"
requires = [
    "otel",
    "processx",
    "R6",
]

[[package]]
name = "cellranger"
version = "1.1.0"
source = "cran"
raw_version = "1.1.0"
url = "https://cran.r-project.org/src/contrib/cellranger_1.1.0.tar.gz"
checksum = "md5:1abcfea6af5ab2e277cb99e86880456f"
requires = [
    "rematch",
    "tibble",
]

[[package]]
name = "cli"
version = "3.6.6"
source = "cran"
raw_version = "3.6.6"
url = "https://cran.r-project.org/src/contrib/cli_3.6.6.tar.gz"
checksum = "md5:eedc08ba864ae6cd640b05eff1a607ee"

[[package]]
name = "clipr"
version = "0.8.1"
source = "cran"
raw_version = "0.8.1"
url = "https://cran.r-project.org/src/contrib/clipr_0.8.1.tar.gz"
checksum = "md5:e3618a0611ca2dfbc6475975a163ab6a"

[[package]]
name = "codetools"
version = "0.2.20"
source = "cran"
raw_version = "0.2-20"
url = "https://cran.r-project.org/src/contrib/codetools_0.2-20.tar.gz"
checksum = "md5:b6d2fb49c00a528b04f574892359aa55"

[[package]]
name = "collections"
version = "0.3.12"
source = "cran"
raw_version = "0.3.12"
url = "https://cran.r-project.org/src/contrib/collections_0.3.12.tar.gz"
checksum = "md5:2bef795e76ac307edc87b9bcd91709e8"

[[package]]
name = "commonmark"
version = "2.0.0"
source = "cran"
raw_version = "2.0.0"
url = "https://cran.r-project.org/src/contrib/commonmark_2.0.0.tar.gz"
checksum = "md5:ac18da7841af62e8c457dd4872cce1ba"

[[package]]
name = "config"
version = "0.3.2"
source = "cran"
raw_version = "0.3.2"
url = "https://cran.r-project.org/src/contrib/config_0.3.2.tar.gz"
checksum = "md5:b476973a136c5c5d335103d6cd4dbb58"
requires = ["yaml"]

[[package]]
name = "cpp11"
version = "0.5.5"
source = "cran"
raw_version = "0.5.5"
url = "https://cran.r-project.org/src/contrib/cpp11_0.5.5.tar.gz"
checksum = "md5:7c4c3f58ffa7adec25b85d0d99c0d7ed"

[[package]]
name = "crayon"
version = "1.5.3"
source = "cran"
raw_version = "1.5.3"
url = "https://cran.r-project.org/src/contrib/crayon_1.5.3.tar.gz"
checksum = "md5:bb290c70d23b2200006187ac7839116f"

[[package]]
name = "credentials"
version = "2.0.3"
source = "cran"
raw_version = "2.0.3"
url = "https://cran.r-project.org/src/contrib/credentials_2.0.3.tar.gz"
checksum = "md5:3b7bd9e99a3ef299d20faf930624d5ea"
requires = [
    "openssl",
    "sys",
    "curl",
    "jsonlite",
    "askpass",
]

[[package]]
name = "crew"
version = "1.3.2"
source = "cran"
raw_version = "1.3.2"
url = "https://cran.r-project.org/src/contrib/crew_1.3.2.tar.gz"
checksum = "md5:6bf57bf91afcd2e804b038500dfd78bb"
requires = [
    "cli",
    "collections",
    "data.table",
    "later",
    "mirai",
    "nanonext",
    "processx",
    "promises",
    "ps",
    "R6",
    "rlang",
    "tibble",
    "tidyselect",
]

[[package]]
name = "crew.cluster"
version = "0.4.0"
source = "cran"
raw_version = "0.4.0"
url = "https://cran.r-project.org/src/contrib/crew.cluster_0.4.0.tar.gz"
checksum = "md5:7ec2254f63060ab5d3711e3f51a105ef"
requires = [
    "crew",
    "lifecycle",
    "nanonext",
    "ps",
    "R6",
    "rlang",
    "vctrs",
    "xml2",
    "yaml",
]

[[package]]
name = "curl"
version = "7.1.0"
source = "cran"
raw_version = "7.1.0"
url = "https://cran.r-project.org/src/contrib/curl_7.1.0.tar.gz"
checksum = "md5:8af2ccbf5d85dc18866f45f1f26f348d"

[[package]]
name = "data.table"
version = "1.18.4"
source = "cran"
raw_version = "1.18.4"
url = "https://cran.r-project.org/src/contrib/data.table_1.18.4.tar.gz"
checksum = "md5:8802d3e9516d5b38dd4aa1a473e2ac6e"

[[package]]
name = "desc"
version = "1.4.3"
source = "cran"
raw_version = "1.4.3"
url = "https://cran.r-project.org/src/contrib/desc_1.4.3.tar.gz"
checksum = "md5:25e3c3be23e19c0f9164ed251c79f677"
requires = [
    "cli",
    "R6",
]

[[package]]
name = "devtools"
version = "2.5.2"
source = "cran"
raw_version = "2.5.2"
url = "https://cran.r-project.org/src/contrib/devtools_2.5.2.tar.gz"
checksum = "md5:ea50645bc1402d6c746aff77f0c22c8e"
requires = [
    "usethis",
    "cli",
    "desc",
    "ellipsis",
    "fs",
    "lifecycle",
    "memoise",
    "miniUI",
    "pak",
    "pkgbuild",
    "pkgdown",
    "pkgload",
    "profvis",
    "rcmdcheck",
    "rlang",
    "roxygen2",
    "rversions",
    "sessioninfo",
    "testthat",
    "urlchecker",
    "withr",
]

[[package]]
name = "diffobj"
version = "0.3.8"
source = "cran"
raw_version = "0.3.8"
url = "https://cran.r-project.org/src/contrib/diffobj_0.3.8.tar.gz"
checksum = "md5:b9c3f8ec8b020bb807312c6c80d1c78c"
requires = ["crayon"]

[[package]]
name = "digest"
version = "0.6.39"
source = "cran"
raw_version = "0.6.39"
url = "https://cran.r-project.org/src/contrib/digest_0.6.39.tar.gz"
checksum = "md5:2b7268922b0f86dbc8064ff8e3a1ca1b"

[[package]]
name = "downlit"
version = "0.4.5"
source = "cran"
raw_version = "0.4.5"
url = "https://cran.r-project.org/src/contrib/downlit_0.4.5.tar.gz"
checksum = "md5:d45e3e3891baba4fa47febea82875151"
requires = [
    "brio",
    "desc",
    "digest",
    "evaluate",
    "fansi",
    "memoise",
    "rlang",
    "vctrs",
    "withr",
    "yaml",
]

[[package]]
name = "dplyr"
version = "1.2.1"
source = "cran"
raw_version = "1.2.1"
url = "https://cran.r-project.org/src/contrib/dplyr_1.2.1.tar.gz"
checksum = "md5:1c6ba2499c7a08d081bdb530423ab22c"
requires = [
    "cli",
    "generics",
    "glue",
    "lifecycle",
    "magrittr",
    "pillar",
    "R6",
    "rlang",
    "tibble",
    "tidyselect",
    "vctrs",
]

[[package]]
name = "ellipsis"
version = "0.3.3"
source = "cran"
raw_version = "0.3.3"
url = "https://cran.r-project.org/src/contrib/ellipsis_0.3.3.tar.gz"
checksum = "md5:b6b48305f852e135632e8371c241a0b9"
requires = ["rlang"]

[[package]]
name = "evaluate"
version = "1.0.5"
source = "cran"
raw_version = "1.0.5"
url = "https://cran.r-project.org/src/contrib/evaluate_1.0.5.tar.gz"
checksum = "md5:64d96fee3845fd96d1eafaba37adf00e"

[[package]]
name = "fansi"
version = "1.0.7"
source = "cran"
raw_version = "1.0.7"
url = "https://cran.r-project.org/src/contrib/fansi_1.0.7.tar.gz"
checksum = "md5:0914da4f7908ade99adfa06371df71b9"

[[package]]
name = "fastmap"
version = "1.2.0"
source = "cran"
raw_version = "1.2.0"
url = "https://cran.r-project.org/src/contrib/fastmap_1.2.0.tar.gz"
checksum = "md5:f53773acd6ba9a86413e8c2dc6441544"

[[package]]
name = "fledge"
version = "0.1.4"
source = "cran"
raw_version = "0.1.4"
url = "https://cran.r-project.org/src/contrib/fledge_0.1.4.tar.gz"
checksum = "md5:5358db212150e6b8165f962a360c0e39"
requires = [
    "brio",
    "cli",
    "desc",
    "gert",
    "purrr",
    "rematch2",
    "rlang",
    "tibble",
    "usethis",
    "whoami",
    "withr",
]

[[package]]
name = "fontawesome"
version = "0.5.3"
source = "cran"
raw_version = "0.5.3"
url = "https://cran.r-project.org/src/contrib/fontawesome_0.5.3.tar.gz"
checksum = "md5:95b072a27418b962792410dfb21c3d2b"
requires = [
    "rlang",
    "htmltools",
]

[[package]]
name = "fs"
version = "2.1.0"
source = "cran"
raw_version = "2.1.0"
url = "https://cran.r-project.org/src/contrib/fs_2.1.0.tar.gz"
checksum = "md5:6011a5e758c21acc297ed8bbcf97e7d9"

[[package]]
name = "fusen"
version = "0.7.2"
source = "cran"
raw_version = "0.7.2"
url = "https://cran.r-project.org/src/contrib/fusen_0.7.2.tar.gz"
checksum = "md5:5ac7d2345d5a40b8a5dd04c82aa02c0e"
requires = [
    "attachment",
    "cli",
    "desc",
    "devtools",
    "glue",
    "here",
    "lightparser",
    "magrittr",
    "pkgload",
    "roxygen2",
    "stringi",
    "tibble",
    "tidyr",
    "usethis",
    "yaml",
]

[[package]]
name = "generics"
version = "0.1.4"
source = "cran"
raw_version = "0.1.4"
url = "https://cran.r-project.org/src/contrib/generics_0.1.4.tar.gz"
checksum = "md5:dda54b65216fe3c53571d2adaddc7461"

[[package]]
name = "gert"
version = "2.4.0"
source = "cran"
raw_version = "2.4.0"
url = "https://cran.r-project.org/src/contrib/gert_2.4.0.tar.gz"
checksum = "md5:6531f276c509d1565458b320bb60852d"
requires = [
    "askpass",
    "credentials",
    "openssl",
    "rstudioapi",
    "sys",
    "zip",
]

[[package]]
name = "gh"
version = "1.6.1"
source = "cran"
raw_version = "1.6.1"
url = "https://cran.r-project.org/src/contrib/gh_1.6.1.tar.gz"
checksum = "md5:a6dcf648e94597579184bcbbf7f746a4"
requires = [
    "cli",
    "gitcreds",
    "glue",
    "httr2",
    "ini",
    "jsonlite",
    "lifecycle",
    "rlang",
]

[[package]]
name = "gitcreds"
version = "0.1.2"
source = "cran"
raw_version = "0.1.2"
url = "https://cran.r-project.org/src/contrib/gitcreds_0.1.2.tar.gz"
checksum = "md5:b79f9a70433189507d3eb0bdc07fae6e"

[[package]]
name = "gitlabr"
version = "2.1.0"
source = "cran"
raw_version = "2.1.0"
url = "https://cran.r-project.org/src/contrib/gitlabr_2.1.0.tar.gz"
checksum = "md5:22fb8f2a6a0a9443567e983b16aada8f"
requires = [
    "arpr",
    "base64enc",
    "dplyr",
    "httr",
    "magrittr",
    "purrr",
    "stringr",
    "tibble",
    "tidyr",
]

[[package]]
name = "glue"
version = "1.8.1"
source = "cran"
raw_version = "1.8.1"
url = "https://cran.r-project.org/src/contrib/glue_1.8.1.tar.gz"
checksum = "md5:24e3cd382f52015c929538a5208d11aa"

[[package]]
name = "here"
version = "1.0.2"
source = "cran"
raw_version = "1.0.2"
url = "https://cran.r-project.org/src/contrib/here_1.0.2.tar.gz"
checksum = "md5:d2ff22b1f33c99b75ab3597ef0f79506"
requires = ["rprojroot"]

[[package]]
name = "highr"
version = "0.12.0"
source = "cran"
raw_version = "0.12"
url = "https://cran.r-project.org/src/contrib/highr_0.12.tar.gz"
checksum = "md5:006fcfa8e16c72ecd1adffdf0cf87e43"
requires = ["xfun"]

[[package]]
name = "hms"
version = "1.1.4"
source = "cran"
raw_version = "1.1.4"
url = "https://cran.r-project.org/src/contrib/hms_1.1.4.tar.gz"
checksum = "md5:f63240ba5139ec2a20bd1ac56bae8243"
requires = [
    "cli",
    "lifecycle",
    "pkgconfig",
    "rlang",
    "vctrs",
]

[[package]]
name = "htmltools"
version = "0.5.9"
source = "cran"
raw_version = "0.5.9"
url = "https://cran.r-project.org/src/contrib/htmltools_0.5.9.tar.gz"
checksum = "md5:f4a0cac920fb54b5c5ea94e175e20067"
requires = [
    "base64enc",
    "digest",
    "fastmap",
    "rlang",
]

[[package]]
name = "htmlwidgets"
version = "1.6.4"
source = "cran"
raw_version = "1.6.4"
url = "https://cran.r-project.org/src/contrib/htmlwidgets_1.6.4.tar.gz"
checksum = "md5:e1ea7f9774ad7a79fcf31e52c2074fd1"
requires = [
    "htmltools",
    "jsonlite",
    "knitr",
    "rmarkdown",
    "yaml",
]

[[package]]
name = "httpuv"
version = "1.6.17"
source = "cran"
raw_version = "1.6.17"
url = "https://cran.r-project.org/src/contrib/httpuv_1.6.17.tar.gz"
checksum = "md5:50763765704e547c15aac4be97cec437"
requires = [
    "later",
    "promises",
    "R6",
    "Rcpp",
    "later",
    "Rcpp",
]

[[package]]
name = "httr"
version = "1.4.8"
source = "cran"
raw_version = "1.4.8"
url = "https://cran.r-project.org/src/contrib/httr_1.4.8.tar.gz"
checksum = "md5:8756015b94a9cff6f410ca4de8557f12"
requires = [
    "curl",
    "jsonlite",
    "mime",
    "openssl",
    "R6",
]

[[package]]
name = "httr2"
version = "1.3.0"
source = "cran"
raw_version = "1.3.0"
url = "https://cran.r-project.org/src/contrib/httr2_1.3.0.tar.gz"
checksum = "md5:790051880d410d91692fbd4cb3c29414"
requires = [
    "cli",
    "curl",
    "glue",
    "lifecycle",
    "magrittr",
    "openssl",
    "R6",
    "rlang",
    "vctrs",
    "withr",
]

[[package]]
name = "igraph"
version = "2.3.3"
source = "cran"
raw_version = "2.3.3"
url = "https://cran.r-project.org/src/contrib/igraph_2.3.3.tar.gz"
checksum = "md5:afb847dd9d9cd2c0606573ebe214393d"
requires = [
    "cli",
    "lifecycle",
    "magrittr",
    "Matrix",
    "pkgconfig",
    "rlang",
    "vctrs",
    "cpp11",
]

[[package]]
name = "ini"
version = "0.3.1"
source = "cran"
raw_version = "0.3.1"
url = "https://cran.r-project.org/src/contrib/ini_0.3.1.tar.gz"
checksum = "md5:b0e2d7388fc69327d3c4bbaab9067f3d"

[[package]]
name = "janitor"
version = "2.2.1"
source = "cran"
raw_version = "2.2.1"
url = "https://cran.r-project.org/src/contrib/janitor_2.2.1.tar.gz"
checksum = "md5:602dd5f791aa6a7d92bf029e1035d185"
requires = [
    "dplyr",
    "hms",
    "lifecycle",
    "lubridate",
    "magrittr",
    "purrr",
    "rlang",
    "stringi",
    "stringr",
    "snakecase",
    "tidyselect",
    "tidyr",
]

[[package]]
name = "jquerylib"
version = "0.1.4"
source = "cran"
raw_version = "0.1.4"
url = "https://cran.r-project.org/src/contrib/jquerylib_0.1.4.tar.gz"
checksum = "md5:3607a34ac45ff420bc325d84eab4b0cb"
requires = ["htmltools"]

[[package]]
name = "jsonlite"
version = "2.0.0"
source = "cran"
raw_version = "2.0.0"
url = "https://cran.r-project.org/src/contrib/jsonlite_2.0.0.tar.gz"
checksum = "md5:3e54e6fbc0c9063936e3d01e91419c14"

[[package]]
name = "knitr"
version = "1.51.0"
source = "cran"
raw_version = "1.51"
url = "https://cran.r-project.org/src/contrib/knitr_1.51.tar.gz"
checksum = "md5:79f32f24b572fe198baca8882d6aa87f"
requires = [
    "evaluate",
    "highr",
    "xfun",
    "yaml",
]

[[package]]
name = "later"
version = "1.4.8"
source = "cran"
raw_version = "1.4.8"
url = "https://cran.r-project.org/src/contrib/later_1.4.8.tar.gz"
checksum = "md5:7ebbfd8a26cd6341a6d9d03ba18d259c"
requires = [
    "Rcpp",
    "rlang",
    "Rcpp",
]

[[package]]
name = "lattice"
version = "0.22.9"
source = "cran"
raw_version = "0.22-9"
url = "https://cran.r-project.org/src/contrib/lattice_0.22-9.tar.gz"
checksum = "md5:8fda6c7974b190459ad080e467e670c6"

[[package]]
name = "lifecycle"
version = "1.0.5"
source = "cran"
raw_version = "1.0.5"
url = "https://cran.r-project.org/src/contrib/lifecycle_1.0.5.tar.gz"
checksum = "md5:bce35a7a89fe4108f262db3e441cccae"
requires = [
    "cli",
    "rlang",
]

[[package]]
name = "lightparser"
version = "0.1.0"
source = "cran"
raw_version = "0.1.0"
url = "https://cran.r-project.org/src/contrib/lightparser_0.1.0.tar.gz"
checksum = "md5:b3d44d8765e46cca17fb1948915b386f"
requires = [
    "knitr",
    "rlang",
    "tibble",
    "yaml",
]

[[package]]
name = "logger"
version = "0.4.2"
source = "cran"
raw_version = "0.4.2"
url = "https://cran.r-project.org/src/contrib/logger_0.4.2.tar.gz"
checksum = "md5:6f6a3cc1ed3caf7c0dc8d8efc305c841"

[[package]]
name = "lubridate"
version = "1.9.5"
source = "cran"
raw_version = "1.9.5"
url = "https://cran.r-project.org/src/contrib/lubridate_1.9.5.tar.gz"
checksum = "md5:09977b7de6710ca05886412c6aa3a5a3"
requires = [
    "generics",
    "timechange",
]

[[package]]
name = "maestro"
version = "1.2.0"
source = "cran"
raw_version = "1.2.0"
url = "https://cran.r-project.org/src/contrib/maestro_1.2.0.tar.gz"
checksum = "md5:b7e5ca6df63a7d367fa2aba14e3544a9"
requires = [
    "cli",
    "dplyr",
    "glue",
    "lifecycle",
    "logger",
    "lubridate",
    "purrr",
    "R.utils",
    "R6",
    "rlang",
    "roxygen2",
    "tictoc",
    "timechange",
]

[[package]]
name = "magrittr"
version = "2.0.5"
source = "cran"
raw_version = "2.0.5"
url = "https://cran.r-project.org/src/contrib/magrittr_2.0.5.tar.gz"
checksum = "md5:4ee23a88bc1589527696d777d7e68dfc"

[[package]]
name = "memoise"
version = "2.0.1"
source = "cran"
raw_version = "2.0.1"
url = "https://cran.r-project.org/src/contrib/memoise_2.0.1.tar.gz"
checksum = "md5:89da4ce771967d851db47132b762ce6f"
requires = [
    "rlang",
    "cachem",
]

[[package]]
name = "mime"
version = "0.13.0"
source = "cran"
raw_version = "0.13"
url = "https://cran.r-project.org/src/contrib/mime_0.13.tar.gz"
checksum = "md5:45c3868fb2f5a7f3817d54d1c75799f9"

[[package]]
name = "miniUI"
version = "0.1.2"
source = "cran"
raw_version = "0.1.2"
url = "https://cran.r-project.org/src/contrib/miniUI_0.1.2.tar.gz"
checksum = "md5:eead3afb282456fb30b591708799733d"
requires = [
    "shiny",
    "htmltools",
]

[[package]]
name = "mirai"
version = "2.7.2"
source = "cran"
raw_version = "2.7.2"
url = "https://cran.r-project.org/src/contrib/mirai_2.7.2.tar.gz"
checksum = "md5:102c286631f6580ce76016a5620b601a"
requires = ["nanonext"]

[[package]]
name = "nanonext"
version = "1.10.2"
source = "cran"
raw_version = "1.10.2"
url = "https://cran.r-project.org/src/contrib/nanonext_1.10.2.tar.gz"
checksum = "md5:2eb717e86562f3b7d41ec74cbe07c6fb"

[[package]]
name = "nanoparquet"
version = "0.5.1"
source = "cran"
raw_version = "0.5.1"
url = "https://cran.r-project.org/src/contrib/nanoparquet_0.5.1.tar.gz"
checksum = "md5:b439a90ae836dbb571bd3c1050542e02"

[[package]]
name = "openssl"
version = "2.4.2"
source = "cran"
raw_version = "2.4.2"
url = "https://cran.r-project.org/src/contrib/openssl_2.4.2.tar.gz"
checksum = "md5:748b0fa601173da477706803783b6943"
requires = ["askpass"]

[[package]]
name = "otel"
version = "0.2.0"
source = "cran"
raw_version = "0.2.0"
url = "https://cran.r-project.org/src/contrib/otel_0.2.0.tar.gz"
checksum = "md5:cecd0f434a6327dcf5ca0bc2da494d06"

[[package]]
name = "pak"
version = "0.11.1"
source = "cran"
raw_version = "0.11.1"
url = "https://cran.r-project.org/src/contrib/pak_0.11.1.tar.gz"
checksum = "md5:201eaa969a601b2efc6253432a283741"

[[package]]
name = "pillar"
version = "1.11.1"
source = "cran"
raw_version = "1.11.1"
url = "https://cran.r-project.org/src/contrib/pillar_1.11.1.tar.gz"
checksum = "md5:eb84af558b1ac0d743a4790e99acad6e"
requires = [
    "cli",
    "glue",
    "lifecycle",
    "rlang",
    "utf8",
    "vctrs",
]

[[package]]
name = "pkgbuild"
version = "1.4.8"
source = "cran"
raw_version = "1.4.8"
url = "https://cran.r-project.org/src/contrib/pkgbuild_1.4.8.tar.gz"
checksum = "md5:7708705f2645a0852f41af6e3a36d8d7"
requires = [
    "callr",
    "cli",
    "desc",
    "processx",
    "R6",
]

[[package]]
name = "pkgconfig"
version = "2.0.3"
source = "cran"
raw_version = "2.0.3"
url = "https://cran.r-project.org/src/contrib/pkgconfig_2.0.3.tar.gz"
checksum = "md5:7b9ca1d45d941238381cb55d13ff4d68"

[[package]]
name = "pkgdown"
version = "2.2.1"
source = "cran"
raw_version = "2.2.1"
url = "https://cran.r-project.org/src/contrib/pkgdown_2.2.1.tar.gz"
checksum = "md5:bf692db83eff337d7671581d7ae68675"
requires = [
    "bslib",
    "callr",
    "cli",
    "desc",
    "downlit",
    "fontawesome",
    "fs",
    "httr2",
    "jsonlite",
    "lifecycle",
    "openssl",
    "purrr",
    "ragg",
    "rlang",
    "rmarkdown",
    "tibble",
    "whisker",
    "withr",
    "xml2",
    "yaml",
]

[[package]]
name = "pkgload"
version = "1.5.3"
source = "cran"
raw_version = "1.5.3"
url = "https://cran.r-project.org/src/contrib/pkgload_1.5.3.tar.gz"
checksum = "md5:9f38a3a0d87ea2d72d1d9e9b9bfd1106"
requires = [
    "cli",
    "desc",
    "fs",
    "glue",
    "lifecycle",
    "pkgbuild",
    "processx",
    "rlang",
    "rprojroot",
]

[[package]]
name = "praise"
version = "1.0.0"
source = "cran"
raw_version = "1.0.0"
url = "https://cran.r-project.org/src/contrib/praise_1.0.0.tar.gz"
checksum = "md5:9318724cec0454884b5f762bee2da6a1"

[[package]]
name = "prettyunits"
version = "1.2.0"
source = "cran"
raw_version = "1.2.0"
url = "https://cran.r-project.org/src/contrib/prettyunits_1.2.0.tar.gz"
checksum = "md5:2e2db8105f214b80d3d4254b8aabb255"

[[package]]
name = "processx"
version = "3.9.0"
source = "cran"
raw_version = "3.9.0"
url = "https://cran.r-project.org/src/contrib/processx_3.9.0.tar.gz"
checksum = "md5:c4e0ed59285d195cdb03c66e3a9cb76d"
requires = [
    "ps",
    "R6",
]

[[package]]
name = "profvis"
version = "0.4.0"
source = "cran"
raw_version = "0.4.0"
url = "https://cran.r-project.org/src/contrib/profvis_0.4.0.tar.gz"
checksum = "md5:1efc692263635add522f6f1737c2a1cf"
requires = [
    "htmlwidgets",
    "rlang",
    "vctrs",
]

[[package]]
name = "progress"
version = "1.2.3"
source = "cran"
raw_version = "1.2.3"
url = "https://cran.r-project.org/src/contrib/progress_1.2.3.tar.gz"
checksum = "md5:db78636d2dd5ee346f5caf48bfa69f5e"
requires = [
    "crayon",
    "hms",
    "prettyunits",
    "R6",
]

[[package]]
name = "promises"
version = "1.5.0"
source = "cran"
raw_version = "1.5.0"
url = "https://cran.r-project.org/src/contrib/promises_1.5.0.tar.gz"
checksum = "md5:365a4097be36772605653818da60eae6"
requires = [
    "fastmap",
    "later",
    "lifecycle",
    "magrittr",
    "otel",
    "R6",
    "rlang",
]

[[package]]
name = "ps"
version = "1.9.3"
source = "cran"
raw_version = "1.9.3"
url = "https://cran.r-project.org/src/contrib/ps_1.9.3.tar.gz"
checksum = "md5:a965ee358e18f9d6586f594487e1c2cf"

[[package]]
name = "purrr"
version = "1.2.2"
source = "cran"
raw_version = "1.2.2"
url = "https://cran.r-project.org/src/contrib/purrr_1.2.2.tar.gz"
checksum = "md5:1b554060b57fdfe3ba6544c557b0f8d8"
requires = [
    "cli",
    "lifecycle",
    "magrittr",
    "rlang",
    "vctrs",
    "cli",
]

[[package]]
name = "ragg"
version = "1.5.2"
source = "cran"
raw_version = "1.5.2"
url = "https://cran.r-project.org/src/contrib/ragg_1.5.2.tar.gz"
checksum = "md5:3913bca155c1e59f2183657a08a30b63"
requires = [
    "systemfonts",
    "textshaping",
    "systemfonts",
    "textshaping",
]

[[package]]
name = "rappdirs"
version = "0.3.4"
source = "cran"
raw_version = "0.3.4"
url = "https://cran.r-project.org/src/contrib/rappdirs_0.3.4.tar.gz"
checksum = "md5:a990a3ddcfa9eb422cd406f78084fbd8"

[[package]]
name = "rcmdcheck"
version = "1.4.0"
source = "cran"
raw_version = "1.4.0"
url = "https://cran.r-project.org/src/contrib/rcmdcheck_1.4.0.tar.gz"
checksum = "md5:a3d880f759b8d53de41155fc922c6b5c"
requires = [
    "callr",
    "cli",
    "curl",
    "desc",
    "digest",
    "pkgbuild",
    "prettyunits",
    "R6",
    "rprojroot",
    "sessioninfo",
    "withr",
    "xopen",
]

[[package]]
name = "rdtools"
version = "0.1.0"
source = "cran"
raw_version = "0.1.0"
url = "https://cran.r-project.org/src/contrib/rdtools_0.1.0.tar.gz"
checksum = "md5:15243eafd24d97371d15f573530d9a12"

[[package]]
name = "readr"
version = "2.2.0"
source = "cran"
raw_version = "2.2.0"
url = "https://cran.r-project.org/src/contrib/readr_2.2.0.tar.gz"
checksum = "md5:3e87b7c88d9853bb2cec2f11eec2bf72"
requires = [
    "cli",
    "clipr",
    "crayon",
    "glue",
    "hms",
    "lifecycle",
    "R6",
    "rlang",
    "tibble",
    "vroom",
    "withr",
    "cpp11",
    "tzdb",
]

[[package]]
name = "readxl"
version = "1.5.0"
source = "cran"
raw_version = "1.5.0"
url = "https://cran.r-project.org/src/contrib/readxl_1.5.0.tar.gz"
checksum = "md5:bd4cffa51566929514856062c026ffb6"
requires = [
    "cellranger",
    "tibble",
    "cpp11",
    "progress",
]

[[package]]
name = "rematch"
version = "2.0.0"
source = "cran"
raw_version = "2.0.0"
url = "https://cran.r-project.org/src/contrib/rematch_2.0.0.tar.gz"
checksum = "md5:64ad138fd1cec37d50683cbf2958e47b"

[[package]]
name = "rematch2"
version = "2.1.2"
source = "cran"
raw_version = "2.1.2"
url = "https://cran.r-project.org/src/contrib/rematch2_2.1.2.tar.gz"
checksum = "md5:41627df5d3fbf98f0cf98c027e14af00"
requires = ["tibble"]

[[package]]
name = "remotes"
version = "2.5.0"
source = "cran"
raw_version = "2.5.0"
url = "https://cran.r-project.org/src/contrib/remotes_2.5.0.tar.gz"
checksum = "md5:4cb0cd9d66630548fedd4e56d3564b90"

[[package]]
name = "rlang"
version = "1.3.0"
source = "cran"
raw_version = "1.3.0"
url = "https://cran.r-project.org/src/contrib/rlang_1.3.0.tar.gz"
checksum = "md5:b52c165e43f4d7fe5cfa15c5c9467ff4"

[[package]]
name = "rmarkdown"
version = "2.31.0"
source = "cran"
raw_version = "2.31"
url = "https://cran.r-project.org/src/contrib/rmarkdown_2.31.tar.gz"
checksum = "md5:8f7a4eef6b62e7f2284550c3134f28c8"
requires = [
    "bslib",
    "evaluate",
    "fontawesome",
    "htmltools",
    "jquerylib",
    "jsonlite",
    "knitr",
    "tinytex",
    "xfun",
    "yaml",
]

[[package]]
name = "roxygen2"
version = "8.1.0"
source = "cran"
raw_version = "8.1.0"
url = "https://cran.r-project.org/src/contrib/roxygen2_8.1.0.tar.gz"
checksum = "md5:db68d5c2c7cff5bf6c7db0069507a465"
requires = [
    "brew",
    "cli",
    "commonmark",
    "desc",
    "knitr",
    "lifecycle",
    "pkgload",
    "R6",
    "rdtools",
    "rlang",
    "withr",
    "xml2",
    "cpp11",
]

[[package]]
name = "rprojroot"
version = "2.1.1"
source = "cran"
raw_version = "2.1.1"
url = "https://cran.r-project.org/src/contrib/rprojroot_2.1.1.tar.gz"
checksum = "md5:307fef4f932acc1d8660a857e44d5fb7"

[[package]]
name = "rstudioapi"
version = "0.19.0"
source = "cran"
raw_version = "0.19.0"
url = "https://cran.r-project.org/src/contrib/rstudioapi_0.19.0.tar.gz"
checksum = "md5:4cbb808adec83c594391db9be1f7ebf4"

[[package]]
name = "rversions"
version = "3.0.0"
source = "cran"
raw_version = "3.0.0"
url = "https://cran.r-project.org/src/contrib/rversions_3.0.0.tar.gz"
checksum = "md5:388dcf33183285053da7e0179e30a0af"
requires = ["curl"]

[[package]]
name = "sass"
version = "0.4.10"
source = "cran"
raw_version = "0.4.10"
url = "https://cran.r-project.org/src/contrib/sass_0.4.10.tar.gz"
checksum = "md5:16054a7117a81ba75893fec17da62209"
requires = [
    "fs",
    "rlang",
    "htmltools",
    "R6",
    "rappdirs",
]

[[package]]
name = "secretbase"
version = "1.3.0"
source = "cran"
raw_version = "1.3.0"
url = "https://cran.r-project.org/src/contrib/secretbase_1.3.0.tar.gz"
checksum = "md5:a563588d4e0d71e2aa92b2aeec56f046"

[[package]]
name = "sessioninfo"
version = "1.2.4"
source = "cran"
raw_version = "1.2.4"
url = "https://cran.r-project.org/src/contrib/sessioninfo_1.2.4.tar.gz"
checksum = "md5:7345704ff2704dcf12e8e952ea0ca6cb"
requires = ["cli"]

[[package]]
name = "shiny"
version = "1.14.0"
source = "cran"
raw_version = "1.14.0"
url = "https://cran.r-project.org/src/contrib/shiny_1.14.0.tar.gz"
checksum = "md5:309459688ceae1e8b018d1595eae8879"
requires = [
    "bslib",
    "cachem",
    "cli",
    "commonmark",
    "fastmap",
    "fontawesome",
    "glue",
    "htmltools",
    "httpuv",
    "jsonlite",
    "later",
    "lifecycle",
    "mime",
    "otel",
    "promises",
    "R6",
    "rlang",
    "sourcetools",
    "withr",
    "xtable",
]

[[package]]
name = "snakecase"
version = "0.11.1"
source = "cran"
raw_version = "0.11.1"
url = "https://cran.r-project.org/src/contrib/snakecase_0.11.1.tar.gz"
checksum = "md5:3e5cbad0056783cff60d05eb75881f62"
requires = [
    "stringr",
    "stringi",
]

[[package]]
name = "sourcetools"
version = "0.1.7-4.2"
source = "cran"
raw_version = "0.1.7-2"
url = "https://cran.r-project.org/src/contrib/sourcetools_0.1.7-2.tar.gz"
checksum = "md5:b30ed63295fc9659f7526914d6687e0e"

[[package]]
name = "stringi"
version = "1.8.9"
source = "cran"
raw_version = "1.8.9"
url = "https://cran.r-project.org/src/contrib/stringi_1.8.9.tar.gz"
checksum = "md5:6888a5ac007ad34590ce6afbd0cb2491"

[[package]]
name = "stringr"
version = "1.6.0"
source = "cran"
raw_version = "1.6.0"
url = "https://cran.r-project.org/src/contrib/stringr_1.6.0.tar.gz"
checksum = "md5:e6d638f79f82b1c39fc88e7295ba1c9d"
requires = [
    "cli",
    "glue",
    "lifecycle",
    "magrittr",
    "rlang",
    "stringi",
    "vctrs",
]

[[package]]
name = "sys"
version = "3.4.3"
source = "cran"
raw_version = "3.4.3"
url = "https://cran.r-project.org/src/contrib/sys_3.4.3.tar.gz"
checksum = "md5:ffb4244c6d4cacdd4ac8ef187699707c"

[[package]]
name = "systemfonts"
version = "1.3.2"
source = "cran"
raw_version = "1.3.2"
url = "https://cran.r-project.org/src/contrib/systemfonts_1.3.2.tar.gz"
checksum = "md5:57b95280ca9bba2bb18477eb512ac971"
requires = [
    "base64enc",
    "jsonlite",
    "lifecycle",
    "cpp11",
]

[[package]]
name = "tarchetypes"
version = "0.14.1"
source = "cran"
raw_version = "0.14.1"
url = "https://cran.r-project.org/src/contrib/tarchetypes_0.14.1.tar.gz"
checksum = "md5:d4f4f3df10679bd73367e8d54a7eeb99"
requires = [
    "dplyr",
    "fs",
    "rlang",
    "secretbase",
    "targets",
    "tibble",
    "tidyselect",
    "vctrs",
    "withr",
]

[[package]]
name = "targets"
version = "1.12.0"
source = "cran"
raw_version = "1.12.0"
url = "https://cran.r-project.org/src/contrib/targets_1.12.0.tar.gz"
checksum = "md5:6dc00fdf98c8a3241ac1fa290623f216"
requires = [
    "base64url",
    "callr",
    "cli",
    "codetools",
    "data.table",
    "igraph",
    "knitr",
    "prettyunits",
    "ps",
    "R6",
    "rlang",
    "secretbase",
    "tibble",
    "tidyselect",
    "vctrs",
    "yaml",
]

[[package]]
name = "testthat"
version = "3.3.2"
source = "cran"
raw_version = "3.3.2"
url = "https://cran.r-project.org/src/contrib/testthat_3.3.2.tar.gz"
checksum = "md5:04c0b5f18aff2fdae2a3170afb9ee5e3"
requires = [
    "brio",
    "callr",
    "cli",
    "desc",
    "evaluate",
    "jsonlite",
    "lifecycle",
    "magrittr",
    "pkgload",
    "praise",
    "processx",
    "ps",
    "R6",
    "rlang",
    "waldo",
    "withr",
]

[[package]]
name = "textshaping"
version = "1.0.5"
source = "cran"
raw_version = "1.0.5"
url = "https://cran.r-project.org/src/contrib/textshaping_1.0.5.tar.gz"
checksum = "md5:93771d8cfc50a7ed021df061ce71e07f"
requires = [
    "lifecycle",
    "stringi",
    "systemfonts",
    "cpp11",
    "systemfonts",
]

[[package]]
name = "tibble"
version = "3.3.1"
source = "cran"
raw_version = "3.3.1"
url = "https://cran.r-project.org/src/contrib/tibble_3.3.1.tar.gz"
checksum = "md5:97ff25ebdd1460ec152d48e9bb54fa43"
requires = [
    "cli",
    "lifecycle",
    "magrittr",
    "pillar",
    "pkgconfig",
    "rlang",
    "vctrs",
]

[[package]]
name = "tictoc"
version = "1.2.1"
source = "cran"
raw_version = "1.2.1"
url = "https://cran.r-project.org/src/contrib/tictoc_1.2.1.tar.gz"
checksum = "md5:0cbeed08aded314a387b93d59420e371"

[[package]]
name = "tidyr"
version = "1.3.2"
source = "cran"
raw_version = "1.3.2"
url = "https://cran.r-project.org/src/contrib/tidyr_1.3.2.tar.gz"
checksum = "md5:f8e976221d4ed9092c734cf86abcdba9"
requires = [
    "cli",
    "dplyr",
    "glue",
    "lifecycle",
    "magrittr",
    "purrr",
    "rlang",
    "stringr",
    "tibble",
    "tidyselect",
    "vctrs",
    "cpp11",
]

[[package]]
name = "tidyselect"
version = "1.2.1"
source = "cran"
raw_version = "1.2.1"
url = "https://cran.r-project.org/src/contrib/tidyselect_1.2.1.tar.gz"
checksum = "md5:49c581292e819a2a39aac321f27ab0a8"
requires = [
    "cli",
    "glue",
    "lifecycle",
    "rlang",
    "vctrs",
    "withr",
]

[[package]]
name = "timechange"
version = "0.4.0"
source = "cran"
raw_version = "0.4.0"
url = "https://cran.r-project.org/src/contrib/timechange_0.4.0.tar.gz"
checksum = "md5:4cabacecbed68e3beb00e47d42fc9fca"
requires = ["cpp11"]

[[package]]
name = "tinytex"
version = "0.60.0"
source = "cran"
raw_version = "0.60"
url = "https://cran.r-project.org/src/contrib/tinytex_0.60.tar.gz"
checksum = "md5:c680dc21cfd948a22a4f72427967e3e0"
requires = ["xfun"]

[[package]]
name = "tzdb"
version = "0.5.0"
source = "cran"
raw_version = "0.5.0"
url = "https://cran.r-project.org/src/contrib/tzdb_0.5.0.tar.gz"
checksum = "md5:a9f89aa8a851f7a2a13856e815c8bb1c"
requires = ["cpp11"]

[[package]]
name = "urlchecker"
version = "2.0.0"
source = "cran"
raw_version = "2.0.0"
url = "https://cran.r-project.org/src/contrib/urlchecker_2.0.0.tar.gz"
checksum = "md5:0df1a46a5c090b0ac7cd2520a3e2f847"
requires = [
    "cli",
    "curl",
    "gitcreds",
    "rlang",
    "xml2",
]

[[package]]
name = "usethis"
version = "3.2.1"
source = "cran"
raw_version = "3.2.1"
url = "https://cran.r-project.org/src/contrib/usethis_3.2.1.tar.gz"
checksum = "md5:898d1baa1f20e8ee0adbe999e0125811"
requires = [
    "cli",
    "clipr",
    "crayon",
    "curl",
    "desc",
    "fs",
    "gert",
    "gh",
    "glue",
    "jsonlite",
    "lifecycle",
    "purrr",
    "rappdirs",
    "rlang",
    "rprojroot",
    "rstudioapi",
    "whisker",
    "withr",
    "yaml",
]

[[package]]
name = "utf8"
version = "1.2.6"
source = "cran"
raw_version = "1.2.6"
url = "https://cran.r-project.org/src/contrib/utf8_1.2.6.tar.gz"
checksum = "md5:12037c186ddded4d9b289762b69fc435"

[[package]]
name = "vctrs"
version = "0.7.3"
source = "cran"
raw_version = "0.7.3"
url = "https://cran.r-project.org/src/contrib/vctrs_0.7.3.tar.gz"
checksum = "md5:d99218820f353c359ff59fd46b52ddb3"
requires = [
    "cli",
    "glue",
    "lifecycle",
    "rlang",
]

[[package]]
name = "vroom"
version = "1.7.1"
source = "cran"
raw_version = "1.7.1"
url = "https://cran.r-project.org/src/contrib/vroom_1.7.1.tar.gz"
checksum = "md5:68e4cfa008bd830c7f6f47b26a1cff0e"
requires = [
    "bit64",
    "cli",
    "crayon",
    "glue",
    "hms",
    "lifecycle",
    "rlang",
    "tibble",
    "tidyselect",
    "tzdb",
    "vctrs",
    "withr",
    "cpp11",
    "progress",
    "tzdb",
]

[[package]]
name = "waldo"
version = "0.6.2"
source = "cran"
raw_version = "0.6.2"
url = "https://cran.r-project.org/src/contrib/waldo_0.6.2.tar.gz"
checksum = "md5:0f215c5afc65d5a715181521ea3e79fa"
requires = [
    "cli",
    "diffobj",
    "glue",
    "rlang",
]

[[package]]
name = "whisker"
version = "0.4.1"
source = "cran"
raw_version = "0.4.1"
url = "https://cran.r-project.org/src/contrib/whisker_0.4.1.tar.gz"
checksum = "md5:eda4d778ea813e892c86511d355ee26c"

[[package]]
name = "whoami"
version = "1.3.0"
source = "cran"
raw_version = "1.3.0"
url = "https://cran.r-project.org/src/contrib/whoami_1.3.0.tar.gz"
checksum = "md5:b7514ed03127ef65876cd439f66767bb"
requires = [
    "httr",
    "jsonlite",
]

[[package]]
name = "withr"
version = "3.0.3"
source = "cran"
raw_version = "3.0.3"
url = "https://cran.r-project.org/src/contrib/withr_3.0.3.tar.gz"
checksum = "md5:121bf3699aadb9d1b47d648964b934f8"

[[package]]
name = "xfun"
version = "0.60.0"
source = "cran"
raw_version = "0.60"
url = "https://cran.r-project.org/src/contrib/xfun_0.60.tar.gz"
checksum = "md5:1bea9ab58602d9b6eac3b5823a95e5e6"

[[package]]
name = "xml2"
version = "1.6.0"
source = "cran"
raw_version = "1.6.0"
url = "https://cran.r-project.org/src/contrib/xml2_1.6.0.tar.gz"
checksum = "md5:4e005569a935f91400a06533cad641e8"
requires = [
    "cli",
    "rlang",
]

[[package]]
name = "xopen"
version = "1.0.1"
source = "cran"
raw_version = "1.0.1"
url = "https://cran.r-project.org/src/contrib/xopen_1.0.1.tar.gz"
checksum = "md5:776adc6fa99158dab522b3bd9096cb61"
requires = ["processx"]

[[package]]
name = "xtable"
version = "1.8.8"
source = "cran"
raw_version = "1.8-8"
url = "https://cran.r-project.org/src/contrib/xtable_1.8-8.tar.gz"
checksum = "md5:4d07e6f65181f7227fac2bd3e6122a0b"

[[package]]
name = "yaml"
version = "2.3.12"
source = "cran"
raw_version = "2.3.12"
url = "https://cran.r-project.org/src/contrib/yaml_2.3.12.tar.gz"
checksum = "md5:6beea9b09717960f6c79fcbc1e129c41"

[[package]]
name = "zip"
version = "3.0.2"
source = "cran"
raw_version = "3.0.2"
url = "https://cran.r-project.org/src/contrib/zip_3.0.2.tar.gz"
checksum = "md5:95c0f66d6240403c2e1059068e617124"
requires = ["cli"]
